// !$*UTF8*$!
{
	archiveVersion = 1;
	classes = {
	};
	objectVersion = 51;
	objects = {

/* Begin PBXBuildFile section */
		3835CFFD46DA4786D8235027 /* Pods_flix.framework in Frameworks */ = {isa = PBXBuildFile; fileRef = 1C894185613B1B870C526AD8 /* Pods_flix.framework */; };
		3C79704025CF9BBB00D0792C /* MovieDetailsViewController.swift in Sources */ = {isa = PBXBuildFile; fileRef = 3C79703F25CF9BBB00D0792C /* MovieDetailsViewController.swift */; };
		3C79704525D0A9DD00D0792C /* MovieGridViewController.swift in Sources */ = {isa = PBXBuildFile; fileRef = 3C79704425D0A9DC00D0792C /* MovieGridViewController.swift */; };
		3C79704A25D0AF9600D0792C /* MovieGridCell.swift in Sources */ = {isa = PBXBuildFile; fileRef = 3C79704925D0AF9600D0792C /* MovieGridCell.swift */; };
		3C940F4725C9230C008A7864 /* AppDelegate.swift in Sources */ = {isa = PBXBuildFile; fileRef = 3C940F4625C9230C008A7864 /* AppDelegate.swift */; };
		3C940F4925C9230C008A7864 /* SceneDelegate.swift in Sources */ = {isa = PBXBuildFile; fileRef = 3C940F4825C9230C008A7864 /* SceneDelegate.swift */; };
		3C940F4E25C9230C008A7864 /* Main.storyboard in Resources */ = {isa = PBXBuildFile; fileRef = 3C940F4C25C9230C008A7864 /* Main.storyboard */; };
		3C940F5025C92313008A7864 /* Assets.xcassets in Resources */ = {isa = PBXBuildFile; fileRef = 3C940F4F25C92313008A7864 /* Assets.xcassets */; };
		3C940F5325C92313008A7864 /* LaunchScreen.storyboard in Resources */ = {isa = PBXBuildFile; fileRef = 3C940F5125C92313008A7864 /* LaunchScreen.storyboard */; };
		3C940F5E25C92314008A7864 /* flixTests.swift in Sources */ = {isa = PBXBuildFile; fileRef = 3C940F5D25C92314008A7864 /* flixTests.swift */; };
		3C940F6925C92314008A7864 /* flixUITests.swift in Sources */ = {isa = PBXBuildFile; fileRef = 3C940F6825C92314008A7864 /* flixUITests.swift */; };
		3C940F8525C929FA008A7864 /* MoviesViewController.swift in Sources */ = {isa = PBXBuildFile; fileRef = 3C940F8425C929FA008A7864 /* MoviesViewController.swift */; };
		3C940F8D25C932EB008A7864 /* MovieCell.swift in Sources */ = {isa = PBXBuildFile; fileRef = 3C940F8C25C932EB008A7864 /* MovieCell.swift */; };
		7589F104A9B3E23798CC5689 /* Pods_flixTests.framework in Frameworks */ = {isa = PBXBuildFile; fileRef = 846AC3E2B6184B0AEE7BDEFD /* Pods_flixTests.framework */; };
		80E47510E1D3E4A5D9305E0B /* Pods_flix_flixUITests.framework in Frameworks */ = {isa = PBXBuildFile; fileRef = C0AA750FF6C1D5326F8FA54C /* Pods_flix_flixUITests.framework */; };
/* End PBXBuildFile section */

/* Begin PBXContainerItemProxy section */
		3C940F5A25C92314008A7864 /* PBXContainerItemProxy */ = {
			isa = PBXContainerItemProxy;
			containerPortal = 3C940F3B25C9230B008A7864 /* Project object */;
			proxyType = 1;
			remoteGlobalIDString = 3C940F4225C9230B008A7864;
			remoteInfo = flix;
		};
		3C940F6525C92314008A7864 /* PBXContainerItemProxy */ = {
			isa = PBXContainerItemProxy;
			containerPortal = 3C940F3B25C9230B008A7864 /* Project object */;
			proxyType = 1;
			remoteGlobalIDString = 3C940F4225C9230B008A7864;
			remoteInfo = flix;
		};
/* End PBXContainerItemProxy section */

/* Begin PBXFileReference section */
		12FB9720C89F4FF7528C8A86 /* Pods-flix.release.xcconfig */ = {isa = PBXFileReference; includeInIndex = 1; lastKnownFileType = text.xcconfig; name = "Pods-flix.release.xcconfig"; path = "Target Support Files/Pods-flix/Pods-flix.release.xcconfig"; sourceTree = "<group>"; };
		13E5229154BAC24FD93141F3 /* Pods-flixTests.debug.xcconfig */ = {isa = PBXFileReference; includeInIndex = 1; lastKnownFileType = text.xcconfig; name = "Pods-flixTests.debug.xcconfig"; path = "Target Support Files/Pods-flixTests/Pods-flixTests.debug.xcconfig"; sourceTree = "<group>"; };
		1C894185613B1B870C526AD8 /* Pods_flix.framework */ = {isa = PBXFileReference; explicitFileType = wrapper.framework; includeInIndex = 0; path = Pods_flix.framework; sourceTree = BUILT_PRODUCTS_DIR; };
		3C79703F25CF9BBB00D0792C /* MovieDetailsViewController.swift */ = {isa = PBXFileReference; lastKnownFileType = sourcecode.swift; path = MovieDetailsViewController.swift; sourceTree = "<group>"; };
		3C79704425D0A9DC00D0792C /* MovieGridViewController.swift */ = {isa = PBXFileReference; lastKnownFileType = sourcecode.swift; path = MovieGridViewController.swift; sourceTree = "<group>"; };
		3C79704925D0AF9600D0792C /* MovieGridCell.swift */ = {isa = PBXFileReference; lastKnownFileType = sourcecode.swift; path = MovieGridCell.swift; sourceTree = "<group>"; };
		3C940F4325C9230C008A7864 /* flix.app */ = {isa = PBXFileReference; explicitFileType = wrapper.application; includeInIndex = 0; path = flix.app; sourceTree = BUILT_PRODUCTS_DIR; };
		3C940F4625C9230C008A7864 /* AppDelegate.swift */ = {isa = PBXFileReference; lastKnownFileType = sourcecode.swift; path = AppDelegate.swift; sourceTree = "<group>"; };
		3C940F4825C9230C008A7864 /* SceneDelegate.swift */ = {isa = PBXFileReference; lastKnownFileType = sourcecode.swift; path = SceneDelegate.swift; sourceTree = "<group>"; };
		3C940F4D25C9230C008A7864 /* Base */ = {isa = PBXFileReference; lastKnownFileType = file.storyboard; name = Base; path = Base.lproj/Main.storyboard; sourceTree = "<group>"; };
		3C940F4F25C92313008A7864 /* Assets.xcassets */ = {isa = PBXFileReference; lastKnownFileType = folder.assetcatalog; path = Assets.xcassets; sourceTree = "<group>"; };
		3C940F5225C92313008A7864 /* Base */ = {isa = PBXFileReference; lastKnownFileType = file.storyboard; name = Base; path = Base.lproj/LaunchScreen.storyboard; sourceTree = "<group>"; };
		3C940F5425C92313008A7864 /* Info.plist */ = {isa = PBXFileReference; lastKnownFileType = text.plist.xml; path = Info.plist; sourceTree = "<group>"; };
		3C940F5925C92314008A7864 /* flixTests.xctest */ = {isa = PBXFileReference; explicitFileType = wrapper.cfbundle; includeInIndex = 0; path = flixTests.xctest; sourceTree = BUILT_PRODUCTS_DIR; };
		3C940F5D25C92314008A7864 /* flixTests.swift */ = {isa = PBXFileReference; lastKnownFileType = sourcecode.swift; path = flixTests.swift; sourceTree = "<group>"; };
		3C940F5F25C92314008A7864 /* Info.plist */ = {isa = PBXFileReference; lastKnownFileType = text.plist.xml; path = Info.plist; sourceTree = "<group>"; };
		3C940F6425C92314008A7864 /* flixUITests.xctest */ = {isa = PBXFileReference; explicitFileType = wrapper.cfbundle; includeInIndex = 0; path = flixUITests.xctest; sourceTree = BUILT_PRODUCTS_DIR; };
		3C940F6825C92314008A7864 /* flixUITests.swift */ = {isa = PBXFileReference; lastKnownFileType = sourcecode.swift; path = flixUITests.swift; sourceTree = "<group>"; };
		3C940F6A25C92314008A7864 /* Info.plist */ = {isa = PBXFileReference; lastKnownFileType = text.plist.xml; path = Info.plist; sourceTree = "<group>"; };
		3C940F8425C929FA008A7864 /* MoviesViewController.swift */ = {isa = PBXFileReference; lastKnownFileType = sourcecode.swift; path = MoviesViewController.swift; sourceTree = "<group>"; };
		3C940F8C25C932EB008A7864 /* MovieCell.swift */ = {isa = PBXFileReference; lastKnownFileType = sourcecode.swift; path = MovieCell.swift; sourceTree = "<group>"; };
		49CAF9B740F075102541AB94 /* Pods-flix.debug.xcconfig */ = {isa = PBXFileReference; includeInIndex = 1; lastKnownFileType = text.xcconfig; name = "Pods-flix.debug.xcconfig"; path = "Target Support Files/Pods-flix/Pods-flix.debug.xcconfig"; sourceTree = "<group>"; };
		54CF7595B202037E38DFE362 /* Pods-flix-flixUITests.release.xcconfig */ = {isa = PBXFileReference; includeInIndex = 1; lastKnownFileType = text.xcconfig; name = "Pods-flix-flixUITests.release.xcconfig"; path = "Target Support Files/Pods-flix-flixUITests/Pods-flix-flixUITests.release.xcconfig"; sourceTree = "<group>"; };
		5B1CCC94964A389ED65464F2 /* Pods-flixTests.release.xcconfig */ = {isa = PBXFileReference; includeInIndex = 1; lastKnownFileType = text.xcconfig; name = "Pods-flixTests.release.xcconfig"; path = "Target Support Files/Pods-flixTests/Pods-flixTests.release.xcconfig"; sourceTree = "<group>"; };
		846AC3E2B6184B0AEE7BDEFD /* Pods_flixTests.framework */ = {isa = PBXFileReference; explicitFileType = wrapper.framework; includeInIndex = 0; path = Pods_flixTests.framework; sourceTree = BUILT_PRODUCTS_DIR; };
		C0AA750FF6C1D5326F8FA54C /* Pods_flix_flixUITests.framework */ = {isa = PBXFileReference; explicitFileType = wrapper.framework; includeInIndex = 0; path = Pods_flix_flixUITests.framework; sourceTree = BUILT_PRODUCTS_DIR; };
		C3CF0D52FE5BCA2DFC80BC93 /* Pods-flix-flixUITests.debug.xcconfig */ = {isa = PBXFileReference; includeInIndex = 1; lastKnownFileType = text.xcconfig; name = "Pods-flix-flixUITests.debug.xcconfig"; path = "Target Support Files/Pods-flix-flixUITests/Pods-flix-flixUITests.debug.xcconfig"; sourceTree = "<group>"; };
/* End PBXFileReference section */

/* Begin PBXFrameworksBuildPhase section */
		3C940F4025C9230B008A7864 /* Frameworks */ = {
			isa = PBXFrameworksBuildPhase;
			buildActionMask = 2147483647;
			files = (
				3835CFFD46DA4786D8235027 /* Pods_flix.framework in Frameworks */,
			);
			runOnlyForDeploymentPostprocessing = 0;
		};
		3C940F5625C92314008A7864 /* Frameworks */ = {
			isa = PBXFrameworksBuildPhase;
			buildActionMask = 2147483647;
			files = (
				7589F104A9B3E23798CC5689 /* Pods_flixTests.framework in Frameworks */,
			);
			runOnlyForDeploymentPostprocessing = 0;
		};
		3C940F6125C92314008A7864 /* Frameworks */ = {
			isa = PBXFrameworksBuildPhase;
			buildActionMask = 2147483647;
			files = (
				80E47510E1D3E4A5D9305E0B /* Pods_flix_flixUITests.framework in Frameworks */,
			);
			runOnlyForDeploymentPostprocessing = 0;
		};
/* End PBXFrameworksBuildPhase section */

/* Begin PBXGroup section */
		1B567AB9F7338A6D3BC7A103 /* Pods */ = {
			isa = PBXGroup;
			children = (
				49CAF9B740F075102541AB94 /* Pods-flix.debug.xcconfig */,
				12FB9720C89F4FF7528C8A86 /* Pods-flix.release.xcconfig */,
				C3CF0D52FE5BCA2DFC80BC93 /* Pods-flix-flixUITests.debug.xcconfig */,
				54CF7595B202037E38DFE362 /* Pods-flix-flixUITests.release.xcconfig */,
				13E5229154BAC24FD93141F3 /* Pods-flixTests.debug.xcconfig */,
				5B1CCC94964A389ED65464F2 /* Pods-flixTests.release.xcconfig */,
			);
			path = Pods;
			sourceTree = "<group>";
		};
		3C940F3A25C9230B008A7864 = {
			isa = PBXGroup;
			children = (
				3C940F4525C9230C008A7864 /* flix */,
				3C940F5C25C92314008A7864 /* flixTests */,
				3C940F6725C92314008A7864 /* flixUITests */,
				3C940F4425C9230C008A7864 /* Products */,
				1B567AB9F7338A6D3BC7A103 /* Pods */,
				7ACDEA7A11EB2C03CB8127B7 /* Frameworks */,
			);
			sourceTree = "<group>";
		};
		3C940F4425C9230C008A7864 /* Products */ = {
			isa = PBXGroup;
			children = (
				3C940F4325C9230C008A7864 /* flix.app */,
				3C940F5925C92314008A7864 /* flixTests.xctest */,
				3C940F6425C92314008A7864 /* flixUITests.xctest */,
			);
			name = Products;
			sourceTree = "<group>";
		};
		3C940F4525C9230C008A7864 /* flix */ = {
			isa = PBXGroup;
			children = (
				3C940F4625C9230C008A7864 /* AppDelegate.swift */,
				3C940F4825C9230C008A7864 /* SceneDelegate.swift */,
				3C940F4C25C9230C008A7864 /* Main.storyboard */,
				3C79704925D0AF9600D0792C /* MovieGridCell.swift */,
				3C79704425D0A9DC00D0792C /* MovieGridViewController.swift */,
				3C79703F25CF9BBB00D0792C /* MovieDetailsViewController.swift */,
				3C940F8C25C932EB008A7864 /* MovieCell.swift */,
				3C940F4F25C92313008A7864 /* Assets.xcassets */,
				3C940F8425C929FA008A7864 /* MoviesViewController.swift */,
				3C940F5125C92313008A7864 /* LaunchScreen.storyboard */,
				3C940F5425C92313008A7864 /* Info.plist */,
			);
			path = flix;
			sourceTree = "<group>";
		};
		3C940F5C25C92314008A7864 /* flixTests */ = {
			isa = PBXGroup;
			children = (
				3C940F5D25C92314008A7864 /* flixTests.swift */,
				3C940F5F25C92314008A7864 /* Info.plist */,
			);
			path = flixTests;
			sourceTree = "<group>";
		};
		3C940F6725C92314008A7864 /* flixUITests */ = {
			isa = PBXGroup;
			children = (
				3C940F6825C92314008A7864 /* flixUITests.swift */,
				3C940F6A25C92314008A7864 /* Info.plist */,
			);
			path = flixUITests;
			sourceTree = "<group>";
		};
		7ACDEA7A11EB2C03CB8127B7 /* Frameworks */ = {
			isa = PBXGroup;
			children = (
				1C894185613B1B870C526AD8 /* Pods_flix.framework */,
				C0AA750FF6C1D5326F8FA54C /* Pods_flix_flixUITests.framework */,
				846AC3E2B6184B0AEE7BDEFD /* Pods_flixTests.framework */,
			);
			name = Frameworks;
			sourceTree = "<group>";
		};
/* End PBXGroup section */

/* Begin PBXNativeTarget section */
		3C940F4225C9230B008A7864 /* flix */ = {
			isa = PBXNativeTarget;
			buildConfigurationList = 3C940F6D25C92314008A7864 /* Build configuration list for PBXNativeTarget "flix" */;
			buildPhases = (
				3F46FC63A3ECAEDF4E6EF873 /* [CP] Check Pods Manifest.lock */,
				3C940F3F25C9230B008A7864 /* Sources */,
				3C940F4025C9230B008A7864 /* Frameworks */,
				3C940F4125C9230B008A7864 /* Resources */,
				28F3B381191AF45FFC9BD7DB /* [CP] Embed Pods Frameworks */,
			);
			buildRules = (
			);
			dependencies = (
			);
			name = flix;
			productName = flix;
			productReference = 3C940F4325C9230C008A7864 /* flix.app */;
			productType = "com.apple.product-type.application";
		};
		3C940F5825C92314008A7864 /* flixTests */ = {
			isa = PBXNativeTarget;
			buildConfigurationList = 3C940F7025C92314008A7864 /* Build configuration list for PBXNativeTarget "flixTests" */;
			buildPhases = (
				91D05068FF5C8E951B1A59D4 /* [CP] Check Pods Manifest.lock */,
				3C940F5525C92314008A7864 /* Sources */,
				3C940F5625C92314008A7864 /* Frameworks */,
				3C940F5725C92314008A7864 /* Resources */,
			);
			buildRules = (
			);
			dependencies = (
				3C940F5B25C92314008A7864 /* PBXTargetDependency */,
			);
			name = flixTests;
			productName = flixTests;
			productReference = 3C940F5925C92314008A7864 /* flixTests.xctest */;
			productType = "com.apple.product-type.bundle.unit-test";
		};
		3C940F6325C92314008A7864 /* flixUITests */ = {
			isa = PBXNativeTarget;
			buildConfigurationList = 3C940F7325C92314008A7864 /* Build configuration list for PBXNativeTarget "flixUITests" */;
			buildPhases = (
				5FA9BBB0C72E163059A65115 /* [CP] Check Pods Manifest.lock */,
				3C940F6025C92314008A7864 /* Sources */,
				3C940F6125C92314008A7864 /* Frameworks */,
				3C940F6225C92314008A7864 /* Resources */,
				933BF23DFC2C43075F34D787 /* [CP] Embed Pods Frameworks */,
			);
			buildRules = (
			);
			dependencies = (
				3C940F6625C92314008A7864 /* PBXTargetDependency */,
			);
			name = flixUITests;
			productName = flixUITests;
			productReference = 3C940F6425C92314008A7864 /* flixUITests.xctest */;
			productType = "com.apple.product-type.bundle.ui-testing";
		};
/* End PBXNativeTarget section */

/* Begin PBXProject section */
		3C940F3B25C9230B008A7864 /* Project object */ = {
			isa = PBXProject;
			attributes = {
				LastSwiftUpdateCheck = 1210;
				LastUpgradeCheck = 1210;
				TargetAttributes = {
					3C940F4225C9230B008A7864 = {
						CreatedOnToolsVersion = 12.1;
					};
					3C940F5825C92314008A7864 = {
						CreatedOnToolsVersion = 12.1;
						TestTargetID = 3C940F4225C9230B008A7864;
					};
					3C940F6325C92314008A7864 = {
						CreatedOnToolsVersion = 12.1;
						TestTargetID = 3C940F4225C9230B008A7864;
					};
				};
			};
			buildConfigurationList = 3C940F3E25C9230B008A7864 /* Build configuration list for PBXProject "flix" */;
			compatibilityVersion = "Xcode 9.3";
			developmentRegion = en;
			hasScannedForEncodings = 0;
			knownRegions = (
				en,
				Base,
			);
			mainGroup = 3C940F3A25C9230B008A7864;
			productRefGroup = 3C940F4425C9230C008A7864 /* Products */;
			projectDirPath = "";
			projectRoot = "";
			targets = (
				3C940F4225C9230B008A7864 /* flix */,
				3C940F5825C92314008A7864 /* flixTests */,
				3C940F6325C92314008A7864 /* flixUITests */,
			);
		};
/* End PBXProject section */

/* Begin PBXResourcesBuildPhase section */
		3C940F4125C9230B008A7864 /* Resources */ = {
			isa = PBXResourcesBuildPhase;
			buildActionMask = 2147483647;
			files = (
				3C940F5325C92313008A7864 /* LaunchScreen.storyboard in Resources */,
				3C940F5025C92313008A7864 /* Assets.xcassets in Resources */,
				3C940F4E25C9230C008A7864 /* Main.storyboard in Resources */,
			);
			runOnlyForDeploymentPostprocessing = 0;
		};
		3C940F5725C92314008A7864 /* Resources */ = {
			isa = PBXResourcesBuildPhase;
			buildActionMask = 2147483647;
			files = (
			);
			runOnlyForDeploymentPostprocessing = 0;
		};
		3C940F6225C92314008A7864 /* Resources */ = {
			isa = PBXResourcesBuildPhase;
			buildActionMask = 2147483647;
			files = (
			);
			runOnlyForDeploymentPostprocessing = 0;
		};
/* End PBXResourcesBuildPhase section */

/* Begin PBXShellScriptBuildPhase section */
		28F3B381191AF45FFC9BD7DB /* [CP] Embed Pods Frameworks */ = {
			isa = PBXShellScriptBuildPhase;
			buildActionMask = 2147483647;
			files = (
			);
			inputFileListPaths = (
				"${PODS_ROOT}/Target Support Files/Pods-flix/Pods-flix-frameworks-${CONFIGURATION}-input-files.xcfilelist",
			);
			name = "[CP] Embed Pods Frameworks";
			outputFileListPaths = (
				"${PODS_ROOT}/Target Support Files/Pods-flix/Pods-flix-frameworks-${CONFIGURATION}-output-files.xcfilelist",
			);
			runOnlyForDeploymentPostprocessing = 0;
			shellPath = /bin/sh;
			shellScript = "\"${PODS_ROOT}/Target Support Files/Pods-flix/Pods-flix-frameworks.sh\"\n";
			showEnvVarsInLog = 0;
		};
		3F46FC63A3ECAEDF4E6EF873 /* [CP] Check Pods Manifest.lock */ = {
			isa = PBXShellScriptBuildPhase;
			buildActionMask = 2147483647;
			files = (
			);
			inputFileListPaths = (
			);
			inputPaths = (
				"${PODS_PODFILE_DIR_PATH}/Podfile.lock",
				"${PODS_ROOT}/Manifest.lock",
			);
			name = "[CP] Check Pods Manifest.lock";
			outputFileListPaths = (
			);
			outputPaths = (
				"$(DERIVED_FILE_DIR)/Pods-flix-checkManifestLockResult.txt",
			);
			runOnlyForDeploymentPostprocessing = 0;
			shellPath = /bin/sh;
			shellScript = "diff \"${PODS_PODFILE_DIR_PATH}/Podfile.lock\" \"${PODS_ROOT}/Manifest.lock\" > /dev/null\nif [ $? != 0 ] ; then\n    # print error to STDERR\n    echo \"error: The sandbox is not in sync with the Podfile.lock. Run 'pod install' or update your CocoaPods installation.\" >&2\n    exit 1\nfi\n# This output is used by Xcode 'outputs' to avoid re-running this script phase.\necho \"SUCCESS\" > \"${SCRIPT_OUTPUT_FILE_0}\"\n";
			showEnvVarsInLog = 0;
		};
		5FA9BBB0C72E163059A65115 /* [CP] Check Pods Manifest.lock */ = {
			isa = PBXShellScriptBuildPhase;
			buildActionMask = 2147483647;
			files = (
			);
			inputFileListPaths = (
			);
			inputPaths = (
				"${PODS_PODFILE_DIR_PATH}/Podfile.lock",
				"${PODS_ROOT}/Manifest.lock",
			);
			name = "[CP] Check Pods Manifest.lock";
			outputFileListPaths = (
			);
			outputPaths = (
				"$(DERIVED_FILE_DIR)/Pods-flix-flixUITests-checkManifestLockResult.txt",
			);
			runOnlyForDeploymentPostprocessing = 0;
			shellPath = /bin/sh;
			shellScript = "diff \"${PODS_PODFILE_DIR_PATH}/Podfile.lock\" \"${PODS_ROOT}/Manifest.lock\" > /dev/null\nif [ $? != 0 ] ; then\n    # print error to STDERR\n    echo \"error: The sandbox is not in sync with the Podfile.lock. Run 'pod install' or update your CocoaPods installation.\" >&2\n    exit 1\nfi\n# This output is used by Xcode 'outputs' to avoid re-running this script phase.\necho \"SUCCESS\" > \"${SCRIPT_OUTPUT_FILE_0}\"\n";
			showEnvVarsInLog = 0;
		};
		91D05068FF5C8E951B1A59D4 /* [CP] Check Pods Manifest.lock */ = {
			isa = PBXShellScriptBuildPhase;
			buildActionMask = 2147483647;
			files = (
			);
			inputFileListPaths = (
			);
			inputPaths = (
				"${PODS_PODFILE_DIR_PATH}/Podfile.lock",
				"${PODS_ROOT}/Manifest.lock",
			);
			name = "[CP] Check Pods Manifest.lock";
			outputFileListPaths = (
			);
			outputPaths = (
				"$(DERIVED_FILE_DIR)/Pods-flixTests-checkManifestLockResult.txt",
			);
			runOnlyForDeploymentPostprocessing = 0;
			shellPath = /bin/sh;
			shellScript = "diff \"${PODS_PODFILE_DIR_PATH}/Podfile.lock\" \"${PODS_ROOT}/Manifest.lock\" > /dev/null\nif [ $? != 0 ] ; then\n    # print error to STDERR\n    echo \"error: The sandbox is not in sync with the Podfile.lock. Run 'pod install' or update your CocoaPods installation.\" >&2\n    exit 1\nfi\n# This output is used by Xcode 'outputs' to avoid re-running this script phase.\necho \"SUCCESS\" > \"${SCRIPT_OUTPUT_FILE_0}\"\n";
			showEnvVarsInLog = 0;
		};
		933BF23DFC2C43075F34D787 /* [CP] Embed Pods Frameworks */ = {
			isa = PBXShellScriptBuildPhase;
			buildActionMask = 2147483647;
			files = (
			);
			inputFileListPaths = (
				"${PODS_ROOT}/Target Support Files/Pods-flix-flixUITests/Pods-flix-flixUITests-frameworks-${CONFIGURATION}-input-files.xcfilelist",
			);
			name = "[CP] Embed Pods Frameworks";
			outputFileListPaths = (
				"${PODS_ROOT}/Target Support Files/Pods-flix-flixUITests/Pods-flix-flixUITests-frameworks-${CONFIGURATION}-output-files.xcfilelist",
			);
			runOnlyForDeploymentPostprocessing = 0;
			shellPath = /bin/sh;
			shellScript = "\"${PODS_ROOT}/Target Support Files/Pods-flix-flixUITests/Pods-flix-flixUITests-frameworks.sh\"\n";
			showEnvVarsInLog = 0;
		};
/* End PBXShellScriptBuildPhase section */

/* Begin PBXSourcesBuildPhase section */
		3C940F3F25C9230B008A7864 /* Sources */ = {
			isa = PBXSourcesBuildPhase;
			buildActionMask = 2147483647;
			files = (
				3C79704025CF9BBB00D0792C /* MovieDetailsViewController.swift in Sources */,
				3C940F4725C9230C008A7864 /* AppDelegate.swift in Sources */,
				3C940F4925C9230C008A7864 /* SceneDelegate.swift in Sources */,
				3C940F8D25C932EB008A7864 /* MovieCell.swift in Sources */,
				3C940F8525C929FA008A7864 /* MoviesViewController.swift in Sources */,
				3C79704525D0A9DD00D0792C /* MovieGridViewController.swift in Sources */,
				3C79704A25D0AF9600D0792C /* MovieGridCell.swift in Sources */,
			);
			runOnlyForDeploymentPostprocessing = 0;
		};
		3C940F5525C92314008A7864 /* Sources */ = {
			isa = PBXSourcesBuildPhase;
			buildActionMask = 2147483647;
			files = (
				3C940F5E25C92314008A7864 /* flixTests.swift in Sources */,
			);
			runOnlyForDeploymentPostprocessing = 0;
		};
		3C940F6025C92314008A7864 /* Sources */ = {
			isa = PBXSourcesBuildPhase;
			buildActionMask = 2147483647;
			files = (
				3C940F6925C92314008A7864 /* flixUITests.swift in Sources */,
			);
			runOnlyForDeploymentPostprocessing = 0;
		};
/* End PBXSourcesBuildPhase section */

/* Begin PBXTargetDependency section */
		3C940F5B25C92314008A7864 /* PBXTargetDependency */ = {
			isa = PBXTargetDependency;
			target = 3C940F4225C9230B008A7864 /* flix */;
			targetProxy = 3C940F5A25C92314008A7864 /* PBXContainerItemProxy */;
		};
		3C940F6625C92314008A7864 /* PBXTargetDependency */ = {
			isa = PBXTargetDependency;
			target = 3C940F4225C9230B008A7864 /* flix */;
			targetProxy = 3C940F6525C92314008A7864 /* PBXContainerItemProxy */;
		};
/* End PBXTargetDependency section */

/* Begin PBXVariantGroup section */
		3C940F4C25C9230C008A7864 /* Main.storyboard */ = {
			isa = PBXVariantGroup;
			children = (
				3C940F4D25C9230C008A7864 /* Base */,
			);
			name = Main.storyboard;
			sourceTree = "<group>";
		};
		3C940F5125C92313008A7864 /* LaunchScreen.storyboard */ = {
			isa = PBXVariantGroup;
			children = (
				3C940F5225C92313008A7864 /* Base */,
			);
			name = LaunchScreen.storyboard;
			sourceTree = "<group>";
		};
/* End PBXVariantGroup section */

/* Begin XCBuildConfiguration section */
		3C940F6B25C92314008A7864 /* Debug */ = {
			isa = XCBuildConfiguration;
			buildSettings = {
				ALWAYS_SEARCH_USER_PATHS = NO;
				CLANG_ANALYZER_NONNULL = YES;
				CLANG_ANALYZER_NUMBER_OBJECT_CONVERSION = YES_AGGRESSIVE;
				CLANG_CXX_LANGUAGE_STANDARD = "gnu++14";
				CLANG_CXX_LIBRARY = "libc++";
				CLANG_ENABLE_MODULES = YES;
				CLANG_ENABLE_OBJC_ARC = YES;
				CLANG_ENABLE_OBJC_WEAK = YES;
				CLANG_WARN_BLOCK_CAPTURE_AUTORELEASING = YES;
				CLANG_WARN_BOOL_CONVERSION = YES;
				CLANG_WARN_COMMA = YES;
				CLANG_WARN_CONSTANT_CONVERSION = YES;
				CLANG_WARN_DEPRECATED_OBJC_IMPLEMENTATIONS = YES;
				CLANG_WARN_DIRECT_OBJC_ISA_USAGE = YES_ERROR;
				CLANG_WARN_DOCUMENTATION_COMMENTS = YES;
				CLANG_WARN_EMPTY_BODY = YES;
				CLANG_WARN_ENUM_CONVERSION = YES;
				CLANG_WARN_INFINITE_RECURSION = YES;
				CLANG_WARN_INT_CONVERSION = YES;
				CLANG_WARN_NON_LITERAL_NULL_CONVERSION = YES;
				CLANG_WARN_OBJC_IMPLICIT_RETAIN_SELF = YES;
				CLANG_WARN_OBJC_LITERAL_CONVERSION = YES;
				CLANG_WARN_OBJC_ROOT_CLASS = YES_ERROR;
				CLANG_WARN_QUOTED_INCLUDE_IN_FRAMEWORK_HEADER = YES;
				CLANG_WARN_RANGE_LOOP_ANALYSIS = YES;
				CLANG_WARN_STRICT_PROTOTYPES = YES;
				CLANG_WARN_SUSPICIOUS_MOVE = YES;
				CLANG_WARN_UNGUARDED_AVAILABILITY = YES_AGGRESSIVE;
				CLANG_WARN_UNREACHABLE_CODE = YES;
				CLANG_WARN__DUPLICATE_METHOD_MATCH = YES;
				COPY_PHASE_STRIP = NO;
				DEBUG_INFORMATION_FORMAT = dwarf;
				ENABLE_STRICT_OBJC_MSGSEND = YES;
				ENABLE_TESTABILITY = YES;
				GCC_C_LANGUAGE_STANDARD = gnu11;
				GCC_DYNAMIC_NO_PIC = NO;
				GCC_NO_COMMON_BLOCKS = YES;
				GCC_OPTIMIZATION_LEVEL = 0;
				GCC_PREPROCESSOR_DEFINITIONS = (
					"DEBUG=1",
					"$(inherited)",
				);
				GCC_WARN_64_TO_32_BIT_CONVERSION = YES;
				GCC_WARN_ABOUT_RETURN_TYPE = YES_ERROR;
				GCC_WARN_UNDECLARED_SELECTOR = YES;
				GCC_WARN_UNINITIALIZED_AUTOS = YES_AGGRESSIVE;
				GCC_WARN_UNUSED_FUNCTION = YES;
				GCC_WARN_UNUSED_VARIABLE = YES;
				IPHONEOS_DEPLOYMENT_TARGET = 14.1;
				MTL_ENABLE_DEBUG_INFO = INCLUDE_SOURCE;
				MTL_FAST_MATH = YES;
				ONLY_ACTIVE_ARCH = YES;
				SDKROOT = iphoneos;
				SWIFT_ACTIVE_COMPILATION_CONDITIONS = DEBUG;
				SWIFT_OPTIMIZATION_LEVEL = "-Onone";
			};
			name = Debug;
		};
		3C940F6C25C92314008A7864 /* Release */ = {
			isa = XCBuildConfiguration;
			buildSettings = {
				ALWAYS_SEARCH_USER_PATHS = NO;
				CLANG_ANALYZER_NONNULL = YES;
				CLANG_ANALYZER_NUMBER_OBJECT_CONVERSION = YES_AGGRESSIVE;
				CLANG_CXX_LANGUAGE_STANDARD = "gnu++14";
				CLANG_CXX_LIBRARY = "libc++";
				CLANG_ENABLE_MODULES = YES;
				CLANG_ENABLE_OBJC_ARC = YES;
				CLANG_ENABLE_OBJC_WEAK = YES;
				CLANG_WARN_BLOCK_CAPTURE_AUTORELEASING = YES;
				CLANG_WARN_BOOL_CONVERSION = YES;
				CLANG_WARN_COMMA = YES;
				CLANG_WARN_CONSTANT_CONVERSION = YES;
				CLANG_WARN_DEPRECATED_OBJC_IMPLEMENTATIONS = YES;
				CLANG_WARN_DIRECT_OBJC_ISA_USAGE = YES_ERROR;
				CLANG_WARN_DOCUMENTATION_COMMENTS = YES;
				CLANG_WARN_EMPTY_BODY = YES;
				CLANG_WARN_ENUM_CONVERSION = YES;
				CLANG_WARN_INFINITE_RECURSION = YES;
				CLANG_WARN_INT_CONVERSION = YES;
				CLANG_WARN_NON_LITERAL_NULL_CONVERSION = YES;
				CLANG_WARN_OBJC_IMPLICIT_RETAIN_SELF = YES;
				CLANG_WARN_OBJC_LITERAL_CONVERSION = YES;
				CLANG_WARN_OBJC_ROOT_CLASS = YES_ERROR;
				CLANG_WARN_QUOTED_INCLUDE_IN_FRAMEWORK_HEADER = YES;
				CLANG_WARN_RANGE_LOOP_ANALYSIS = YES;
				CLANG_WARN_STRICT_PROTOTYPES = YES;
				CLANG_WARN_SUSPICIOUS_MOVE = YES;
				CLANG_WARN_UNGUARDED_AVAILABILITY = YES_AGGRESSIVE;
				CLANG_WARN_UNREACHABLE_CODE = YES;
				CLANG_WARN__DUPLICATE_METHOD_MATCH = YES;
				COPY_PHASE_STRIP = NO;
				DEBUG_INFORMATION_FORMAT = "dwarf-with-dsym";
				ENABLE_NS_ASSERTIONS = NO;
				ENABLE_STRICT_OBJC_MSGSEND = YES;
				GCC_C_LANGUAGE_STANDARD = gnu11;
				GCC_NO_COMMON_BLOCKS = YES;
				GCC_WARN_64_TO_32_BIT_CONVERSION = YES;
				GCC_WARN_ABOUT_RETURN_TYPE = YES_ERROR;
				GCC_WARN_UNDECLARED_SELECTOR = YES;
				GCC_WARN_UNINITIALIZED_AUTOS = YES_AGGRESSIVE;
				GCC_WARN_UNUSED_FUNCTION = YES;
				GCC_WARN_UNUSED_VARIABLE = YES;
				IPHONEOS_DEPLOYMENT_TARGET = 14.1;
				MTL_ENABLE_DEBUG_INFO = NO;
				MTL_FAST_MATH = YES;
				SDKROOT = iphoneos;
				SWIFT_COMPILATION_MODE = wholemodule;
				SWIFT_OPTIMIZATION_LEVEL = "-O";
				VALIDATE_PRODUCT = YES;
			};
			name = Release;
		};
		3C940F6E25C92314008A7864 /* Debug */ = {
			isa = XCBuildConfiguration;
			baseConfigurationReference = 49CAF9B740F075102541AB94 /* Pods-flix.debug.xcconfig */;
			buildSettings = {
				ASSETCATALOG_COMPILER_APPICON_NAME = AppIcon;
				ASSETCATALOG_COMPILER_GLOBAL_ACCENT_COLOR_NAME = AccentColor;
				CODE_SIGN_STYLE = Automatic;
				DEVELOPMENT_TEAM = 525LM4NZRR;
				INFOPLIST_FILE = flix/Info.plist;
				LD_RUNPATH_SEARCH_PATHS = (
					"$(inherited)",
					"@executable_path/Frameworks",
				);
				PRODUCT_BUNDLE_IDENTIFIER = ianarizpe.flix;
				PRODUCT_NAME = "$(TARGET_NAME)";
				SWIFT_VERSION = 5.0;
				TARGETED_DEVICE_FAMILY = "1,2";
			};
			name = Debug;
		};
		3C940F6F25C92314008A7864 /* Release */ = {
			isa = XCBuildConfiguration;
			baseConfigurationReference = 12FB9720C89F4FF7528C8A86 /* Pods-flix.release.xcconfig */;
			buildSettings = {
				ASSETCATALOG_COMPILER_APPICON_NAME = AppIcon;
				ASSETCATALOG_COMPILER_GLOBAL_ACCENT_COLOR_NAME = AccentColor;
				CODE_SIGN_STYLE = Automatic;
				DEVELOPMENT_TEAM = 525LM4NZRR;
				INFOPLIST_FILE = flix/Info.plist;
				LD_RUNPATH_SEARCH_PATHS = (
					"$(inherited)",
					"@executable_path/Frameworks",
				);
				PRODUCT_BUNDLE_IDENTIFIER = ianarizpe.flix;
				PRODUCT_NAME = "$(TARGET_NAME)";
				SWIFT_VERSION = 5.0;
				TARGETED_DEVICE_FAMILY = "1,2";
			};
			name = Release;
		};
		3C940F7125C92314008A7864 /* Debug */ = {
			isa = XCBuildConfiguration;
			baseConfigurationReference = 13E5229154BAC24FD93141F3 /* Pods-flixTests.debug.xcconfig */;
			buildSettings = {
				ALWAYS_EMBED_SWIFT_STANDARD_LIBRARIES = YES;
				BUNDLE_LOADER = "$(TEST_HOST)";
				CODE_SIGN_STYLE = Automatic;
				INFOPLIST_FILE = flixTests/Info.plist;
				IPHONEOS_DEPLOYMENT_TARGET = 14.1;
				LD_RUNPATH_SEARCH_PATHS = (
					"$(inherited)",
					"@executable_path/Frameworks",
					"@loader_path/Frameworks",
				);
				PRODUCT_BUNDLE_IDENTIFIER = ianarizpe.flixTests;
				PRODUCT_NAME = "$(TARGET_NAME)";
				SWIFT_VERSION = 5.0;
				TARGETED_DEVICE_FAMILY = "1,2";
				TEST_HOST = "$(BUILT_PRODUCTS_DIR)/flix.app/flix";
			};
			name = Debug;
		};
		3C940F7225C92314008A7864 /* Release */ = {
			isa = XCBuildConfiguration;
			baseConfigurationReference = 5B1CCC94964A389ED65464F2 /* Pods-flixTests.release.xcconfig */;
			buildSettings = {
				ALWAYS_EMBED_SWIFT_STANDARD_LIBRARIES = YES;
				BUNDLE_LOADER = "$(TEST_HOST)";
				CODE_SIGN_STYLE = Automatic;
				INFOPLIST_FILE = flixTests/Info.plist;
				IPHONEOS_DEPLOYMENT_TARGET = 14.1;
				LD_RUNPATH_SEARCH_PATHS = (
					"$(inherited)",
					"@executable_path/Frameworks",
					"@loader_path/Frameworks",
				);
				PRODUCT_BUNDLE_IDENTIFIER = ianarizpe.flixTests;
				PRODUCT_NAME = "$(TARGET_NAME)";
				SWIFT_VERSION = 5.0;
				TARGETED_DEVICE_FAMILY = "1,2";
				TEST_HOST = "$(BUILT_PRODUCTS_DIR)/flix.app/flix";
			};
			name = Release;
		};
		3C940F7425C92314008A7864 /* Debug */ = {
			isa = XCBuildConfiguration;
			baseConfigurationReference = C3CF0D52FE5BCA2DFC80BC93 /* Pods-flix-flixUITests.debug.xcconfig */;
			buildSettings = {
				ALWAYS_EMBED_SWIFT_STANDARD_LIBRARIES = YES;
				CODE_SIGN_STYLE = Automatic;
				INFOPLIST_FILE = flixUITests/Info.plist;
				LD_RUNPATH_SEARCH_PATHS = (
					"$(inherited)",
					"@executable_path/Frameworks",
					"@loader_path/Frameworks",
				);
				PRODUCT_BUNDLE_IDENTIFIER = ianarizpe.flixUITests;
				PRODUCT_NAME = "$(TARGET_NAME)";
				SWIFT_VERSION = 5.0;
				TARGETED_DEVICE_FAMILY = "1,2";
				TEST_TARGET_NAME = flix;
			};
			name = Debug;
		};
		3C940F7525C92314008A7864 /* Release */ = {
			isa = XCBuildConfiguration;
			baseConfigurationReference = 54CF7595B202037E38DFE362 /* Pods-flix-flixUITests.release.xcconfig */;
			buildSettings = {
				ALWAYS_EMBED_SWIFT_STANDARD_LIBRARIES = YES;
				CODE_SIGN_STYLE = Automatic;
				INFOPLIST_FILE = flixUITests/Info.plist;
				LD_RUNPATH_SEARCH_PATHS = (
					"$(inherited)",
					"@executable_path/Frameworks",
					"@loader_path/Frameworks",
				);
				PRODUCT_BUNDLE_IDENTIFIER = ianarizpe.flixUITests;
				PRODUCT_NAME = "$(TARGET_NAME)";
				SWIFT_VERSION = 5.0;
				TARGETED_DEVICE_FAMILY = "1,2";
				TEST_TARGET_NAME = flix;
			};
			name = Release;
		};
/* End XCBuildConfiguration section */

/* Begin XCConfigurationList section */
		3C940F3E25C9230B008A7864 /* Build configuration list for PBXProject "flix" */ = {
			isa = XCConfigurationList;
			buildConfigurations = (
				3C940F6B25C92314008A7864 /* Debug */,
				3C940F6C25C92314008A7864 /* Release */,
			);
			defaultConfigurationIsVisible = 0;
			defaultConfigurationName = Release;
		};
		3C940F6D25C92314008A7864 /* Build configuration list for PBXNativeTarget "flix" */ = {
			isa = XCConfigurationList;
			buildConfigurations = (
				3C940F6E25C92314008A7864 /* Debug */,
				3C940F6F25C92314008A7864 /* Release */,
			);
			defaultConfigurationIsVisible = 0;
			defaultConfigurationName = Release;
		};
		3C940F7025C92314008A7864 /* Build configuration list for PBXNativeTarget "flixTests" */ = {
			isa = XCConfigurationList;
			buildConfigurations = (
				3C940F7125C92314008A7864 /* Debug */,
				3C940F7225C92314008A7864 /* Release */,
			);
			defaultConfigurationIsVisible = 0;
			defaultConfigurationName = Release;
		};
		3C940F7325C92314008A7864 /* Build configuration list for PBXNativeTarget "flixUITests" */ = {
			isa = XCConfigurationList;
			buildConfigurations = (
				3C940F7425C92314008A7864 /* Debug */,
				3C940F7525C92314008A7864 /* Release */,
			);
			defaultConfigurationIsVisible = 0;
			defaultConfigurationName = Release;
		};
/* End XCConfigurationList section */
	};
	rootObject = 3C940F3B25C9230B008A7864 /* Project object */;
}
